
Microsoft Visual Studio Solution File, Format Version 12.00
# Visual Studio Version 16
VisualStudioVersion = 16.0.30320.27
MinimumVisualStudioVersion = 10.0.40219.1
Project("{FAE04EC0-301F-11D3-BF4B-00C04F79EFBC}") = "Roberto", "Roberto\Roberto.csproj", "{C80C39A0-2008-4B97-8942-757839F73ABE}"
EndProject
Global
	GlobalSection(SolutionConfigurationPlatforms) = preSolution
		Debug|Any CPU = Debug|Any CPU
		Release|Any CPU = Release|Any CPU
	EndGlobalSection
	GlobalSection(ProjectConfigurationPlatforms) = postSolution
		{C80C39A0-2008-4B97-8942-757839F73ABE}.Debug|Any CPU.ActiveCfg = Debug|Any CPU
		{C80C39A0-2008-4B97-8942-757839F73ABE}.Debug|Any CPU.Build.0 = Debug|Any CPU
		{C80C39A0-2008-4B97-8942-757839F73ABE}.Release|Any CPU.ActiveCfg = Release|Any CPU
		{C80C39A0-2008-4B97-8942-757839F73ABE}.Release|Any CPU.Build.0 = Release|Any CPU
	EndGlobalSection
	GlobalSection(SolutionProperties) = preSolution
		HideSolutionNode = FALSE
	EndGlobalSection
	GlobalSection(ExtensibilityGlobals) = postSolution
		SolutionGuid = {C0BB6839-8CC5-40BE-99E9-80FC0C51C0E8}
	EndGlobalSection
EndGlobal
